version = 1
revision = 2
requires-python = ">=3.12"

[[package]]
name = "anyio"
version = "4.9.0"
source = { registry = "https://pypi.org/simple" }
dependencies = [
    { name = "idna" },
    { name = "sniffio" },
    { name = "typing-extensions", marker = "python_full_version < '3.13'" },
]
sdist = { url = "https://files.pythonhosted.org/packages/95/7d/4c1bd541d4dffa1b52bd83fb8527089e097a106fc90b467a7313b105f840/anyio-4.9.0.tar.gz", hash = "sha256:673c0c244e15788651a4ff38710fea9675823028a6f08a5eda409e0c9840a028", size = 190949, upload-time = "2025-03-17T00:02:54.77Z" }
wheels = [
    { url = "https://files.pythonhosted.org/packages/a1/ee/48ca1a7c89ffec8b6a0c5d02b89c305671d5ffd8d3c94acf8b8c408575bb/anyio-4.9.0-py3-none-any.whl", hash = "sha256:9f76d541cad6e36af7beb62e978876f3b41e3e04f2c1fbf0884604c0a9c4d93c", size = 100916, upload-time = "2025-03-17T00:02:52.713Z" },
]

[[package]]
name = "asyncio"
version = "3.4.3"
source = { registry = "https://pypi.org/simple" }
sdist = { url = "https://files.pythonhosted.org/packages/da/54/054bafaf2c0fb8473d423743e191fcdf49b2c1fd5e9af3524efbe097bafd/asyncio-3.4.3.tar.gz", hash = "sha256:83360ff8bc97980e4ff25c964c7bd3923d333d177aa4f7fb736b019f26c7cb41", size = 204411, upload-time = "2015-03-10T14:11:26.494Z" }
wheels = [
    { url = "https://files.pythonhosted.org/packages/22/74/07679c5b9f98a7cb0fc147b1ef1cc1853bc07a4eb9cb5731e24732c5f773/asyncio-3.4.3-py3-none-any.whl", hash = "sha256:c4d18b22701821de07bd6aea8b53d21449ec0ec5680645e5317062ea21817d2d", size = 101767, upload-time = "2015-03-10T14:05:10.959Z" },
]

[[package]]
name = "attrs"
version = "25.3.0"
source = { registry = "https://pypi.org/simple" }
sdist = { url = "https://files.pythonhosted.org/packages/5a/b0/1367933a8532ee6ff8d63537de4f1177af4bff9f3e829baf7331f595bb24/attrs-25.3.0.tar.gz", hash = "sha256:75d7cefc7fb576747b2c81b4442d4d4a1ce0900973527c011d1030fd3bf4af1b", size = 812032, upload-time = "2025-03-13T11:10:22.779Z" }
wheels = [
    { url = "https://files.pythonhosted.org/packages/77/06/bb80f5f86020c4551da315d78b3ab75e8228f89f0162f2c3a819e407941a/attrs-25.3.0-py3-none-any.whl", hash = "sha256:427318ce031701fea540783410126f03899a97ffc6f61596ad581ac2e40e3bc3", size = 63815, upload-time = "2025-03-13T11:10:21.14Z" },
]

[[package]]
name = "certifi"
version = "2025.7.14"
source = { registry = "https://pypi.org/simple" }
sdist = { url = "https://files.pythonhosted.org/packages/b3/76/52c535bcebe74590f296d6c77c86dabf761c41980e1347a2422e4aa2ae41/certifi-2025.7.14.tar.gz", hash = "sha256:8ea99dbdfaaf2ba2f9bac77b9249ef62ec5218e7c2b2e903378ed5fccf765995", size = 163981, upload-time = "2025-07-14T03:29:28.449Z" }
wheels = [
    { url = "https://files.pythonhosted.org/packages/4f/52/34c6cf5bb9285074dc3531c437b3919e825d976fde097a7a73f79e726d03/certifi-2025.7.14-py3-none-any.whl", hash = "sha256:6b31f564a415d79ee77df69d757bb49a5bb53bd9f756cbbe24394ffd6fc1f4b2", size = 162722, upload-time = "2025-07-14T03:29:26.863Z" },
]

[[package]]
name = "cffi"
version = "1.17.1"
source = { registry = "https://pypi.org/simple" }
dependencies = [
    { name = "pycparser" },
]
sdist = { url = "https://files.pythonhosted.org/packages/fc/97/c783634659c2920c3fc70419e3af40972dbaf758daa229a7d6ea6135c90d/cffi-1.17.1.tar.gz", hash = "sha256:1c39c6016c32bc48dd54561950ebd6836e1670f2ae46128f67cf49e789c52824", size = 516621, upload-time = "2024-09-04T20:45:21.852Z" }
wheels = [
    { url = "https://files.pythonhosted.org/packages/86/c5/28b2d6f799ec0bdecf44dced2ec5ed43e0eb63097b0f58c293583b406582/cffi-1.17.1-cp312-cp312-win32.whl", hash = "sha256:a08d7e755f8ed21095a310a693525137cfe756ce62d066e53f502a83dc550f65", size = 172448, upload-time = "2024-09-04T20:44:26.208Z" },
    { url = "https://files.pythonhosted.org/packages/50/b9/db34c4755a7bd1cb2d1603ac3863f22bcecbd1ba29e5ee841a4bc510b294/cffi-1.17.1-cp312-cp312-win_amd64.whl", hash = "sha256:51392eae71afec0d0c8fb1a53b204dbb3bcabcb3c9b807eedf3e1e6ccf2de903", size = 181976, upload-time = "2024-09-04T20:44:27.578Z" },
    { url = "https://files.pythonhosted.org/packages/bf/ee/f94057fa6426481d663b88637a9a10e859e492c73d0384514a17d78ee205/cffi-1.17.1-cp313-cp313-win32.whl", hash = "sha256:e03eab0a8677fa80d646b5ddece1cbeaf556c313dcfac435ba11f107ba117b5d", size = 172475, upload-time = "2024-09-04T20:44:43.733Z" },
    { url = "https://files.pythonhosted.org/packages/7c/fc/6a8cb64e5f0324877d503c854da15d76c1e50eb722e320b15345c4d0c6de/cffi-1.17.1-cp313-cp313-win_amd64.whl", hash = "sha256:f6a16c31041f09ead72d69f583767292f750d24913dadacf5756b966aacb3f1a", size = 182009, upload-time = "2024-09-04T20:44:45.309Z" },
]

[[package]]
name = "colorama"
version = "0.4.6"
source = { registry = "https://pypi.org/simple" }
sdist = { url = "https://files.pythonhosted.org/packages/d8/53/6f443c9a4a8358a93a6792e2acffb9d9d5cb0a5cfd8802644b7b1c9a02e4/colorama-0.4.6.tar.gz", hash = "sha256:08695f5cb7ed6e0531a20572697297273c47b8cae5a63ffc6d6ed5c201be6e44", size = 27697, upload-time = "2022-10-25T02:36:22.414Z" }
wheels = [
    { url = "https://files.pythonhosted.org/packages/d1/d6/3965ed04c63042e047cb6a3e6ed1a63a35087b6a609aa3a15ed8ac56c221/colorama-0.4.6-py2.py3-none-any.whl", hash = "sha256:4f1d9991f5acc0ca119f9d443620b77f9d6b33703e51011c16baf57afb285fc6", size = 25335, upload-time = "2022-10-25T02:36:20.889Z" },
]

[[package]]
name = "ddia-python"
version = "0.1.0"
source = { virtual = "." }
dependencies = [
    { name = "asyncio" },
    { name = "httpx" },
]

[package.dev-dependencies]
dev = [
    { name = "pytest" },
    { name = "pytest-asyncio" },
    { name = "pytest-tornasync" },
    { name = "pytest-trio" },
    { name = "pytest-twisted" },
    { name = "setuptools" },
]

[package.metadata]
requires-dist = [
    { name = "asyncio", specifier = ">=3.4.3" },
    { name = "httpx", specifier = ">=0.28.1" },
]

[package.metadata.requires-dev]
dev = [
    { name = "pytest", specifier = ">=8.4.1" },
    { name = "pytest-asyncio", specifier = ">=1.1.0" },
    { name = "pytest-tornasync", specifier = ">=0.6.0.post2" },
    { name = "pytest-trio", specifier = ">=0.8.0" },
    { name = "pytest-twisted", specifier = ">=1.14.3" },
    { name = "setuptools", specifier = ">=80.9.0" },
]

[[package]]
name = "decorator"
version = "5.2.1"
source = { registry = "https://pypi.org/simple" }
sdist = { url = "https://files.pythonhosted.org/packages/43/fa/6d96a0978d19e17b68d634497769987b16c8f4cd0a7a05048bec693caa6b/decorator-5.2.1.tar.gz", hash = "sha256:65f266143752f734b0a7cc83c46f4618af75b8c5911b00ccb61d0ac9b6da0360", size = 56711, upload-time = "2025-02-24T04:41:34.073Z" }
wheels = [
    { url = "https://files.pythonhosted.org/packages/4e/8c/f3147f5c4b73e7550fe5f9352eaa956ae838d5c51eb58e7a25b9f3e2643b/decorator-5.2.1-py3-none-any.whl", hash = "sha256:d316bb415a2d9e2d2b3abcc4084c6502fc09240e292cd76a76afc106a1c8e04a", size = 9190, upload-time = "2025-02-24T04:41:32.565Z" },
]

[[package]]
name = "greenlet"
version = "3.2.3"
source = { registry = "https://pypi.org/simple" }
sdist = { url = "https://files.pythonhosted.org/packages/c9/92/bb85bd6e80148a4d2e0c59f7c0c2891029f8fd510183afc7d8d2feeed9b6/greenlet-3.2.3.tar.gz", hash = "sha256:8b0dd8ae4c0d6f5e54ee55ba935eeb3d735a9b58a8a1e5b5cbab64e01a39f365", size = 185752, upload-time = "2025-06-05T16:16:09.955Z" }
wheels = [
    { url = "https://files.pythonhosted.org/packages/f3/94/ad0d435f7c48debe960c53b8f60fb41c2026b1d0fa4a99a1cb17c3461e09/greenlet-3.2.3-cp312-cp312-macosx_11_0_universal2.whl", hash = "sha256:25ad29caed5783d4bd7a85c9251c651696164622494c00802a139c00d639242d", size = 271992, upload-time = "2025-06-05T16:11:23.467Z" },
    { url = "https://files.pythonhosted.org/packages/93/5d/7c27cf4d003d6e77749d299c7c8f5fd50b4f251647b5c2e97e1f20da0ab5/greenlet-3.2.3-cp312-cp312-manylinux2014_aarch64.manylinux_2_17_aarch64.whl", hash = "sha256:88cd97bf37fe24a6710ec6a3a7799f3f81d9cd33317dcf565ff9950c83f55e0b", size = 638820, upload-time = "2025-06-05T16:38:52.882Z" },
    { url = "https://files.pythonhosted.org/packages/c6/7e/807e1e9be07a125bb4c169144937910bf59b9d2f6d931578e57f0bce0ae2/greenlet-3.2.3-cp312-cp312-manylinux2014_ppc64le.manylinux_2_17_ppc64le.whl", hash = "sha256:baeedccca94880d2f5666b4fa16fc20ef50ba1ee353ee2d7092b383a243b0b0d", size = 653046, upload-time = "2025-06-05T16:41:36.343Z" },
    { url = "https://files.pythonhosted.org/packages/9d/ab/158c1a4ea1068bdbc78dba5a3de57e4c7aeb4e7fa034320ea94c688bfb61/greenlet-3.2.3-cp312-cp312-manylinux2014_s390x.manylinux_2_17_s390x.whl", hash = "sha256:be52af4b6292baecfa0f397f3edb3c6092ce071b499dd6fe292c9ac9f2c8f264", size = 647701, upload-time = "2025-06-05T16:48:19.604Z" },
    { url = "https://files.pythonhosted.org/packages/cc/0d/93729068259b550d6a0288da4ff72b86ed05626eaf1eb7c0d3466a2571de/greenlet-3.2.3-cp312-cp312-manylinux2014_x86_64.manylinux_2_17_x86_64.whl", hash = "sha256:0cc73378150b8b78b0c9fe2ce56e166695e67478550769536a6742dca3651688", size = 649747, upload-time = "2025-06-05T16:13:04.628Z" },
    { url = "https://files.pythonhosted.org/packages/f6/f6/c82ac1851c60851302d8581680573245c8fc300253fc1ff741ae74a6c24d/greenlet-3.2.3-cp312-cp312-manylinux_2_24_x86_64.manylinux_2_28_x86_64.whl", hash = "sha256:706d016a03e78df129f68c4c9b4c4f963f7d73534e48a24f5f5a7101ed13dbbb", size = 605461, upload-time = "2025-06-05T16:12:50.792Z" },
    { url = "https://files.pythonhosted.org/packages/98/82/d022cf25ca39cf1200650fc58c52af32c90f80479c25d1cbf57980ec3065/greenlet-3.2.3-cp312-cp312-musllinux_1_1_aarch64.whl", hash = "sha256:419e60f80709510c343c57b4bb5a339d8767bf9aef9b8ce43f4f143240f88b7c", size = 1121190, upload-time = "2025-06-05T16:36:48.59Z" },
    { url = "https://files.pythonhosted.org/packages/f5/e1/25297f70717abe8104c20ecf7af0a5b82d2f5a980eb1ac79f65654799f9f/greenlet-3.2.3-cp312-cp312-musllinux_1_1_x86_64.whl", hash = "sha256:93d48533fade144203816783373f27a97e4193177ebaaf0fc396db19e5d61163", size = 1149055, upload-time = "2025-06-05T16:12:40.457Z" },
    { url = "https://files.pythonhosted.org/packages/1f/8f/8f9e56c5e82eb2c26e8cde787962e66494312dc8cb261c460e1f3a9c88bc/greenlet-3.2.3-cp312-cp312-win_amd64.whl", hash = "sha256:7454d37c740bb27bdeddfc3f358f26956a07d5220818ceb467a483197d84f849", size = 297817, upload-time = "2025-06-05T16:29:49.244Z" },
    { url = "https://files.pythonhosted.org/packages/b1/cf/f5c0b23309070ae93de75c90d29300751a5aacefc0a3ed1b1d8edb28f08b/greenlet-3.2.3-cp313-cp313-macosx_11_0_universal2.whl", hash = "sha256:500b8689aa9dd1ab26872a34084503aeddefcb438e2e7317b89b11eaea1901ad", size = 270732, upload-time = "2025-06-05T16:10:08.26Z" },
    { url = "https://files.pythonhosted.org/packages/48/ae/91a957ba60482d3fecf9be49bc3948f341d706b52ddb9d83a70d42abd498/greenlet-3.2.3-cp313-cp313-manylinux2014_aarch64.manylinux_2_17_aarch64.whl", hash = "sha256:a07d3472c2a93117af3b0136f246b2833fdc0b542d4a9799ae5f41c28323faef", size = 639033, upload-time = "2025-06-05T16:38:53.983Z" },
    { url = "https://files.pythonhosted.org/packages/6f/df/20ffa66dd5a7a7beffa6451bdb7400d66251374ab40b99981478c69a67a8/greenlet-3.2.3-cp313-cp313-manylinux2014_ppc64le.manylinux_2_17_ppc64le.whl", hash = "sha256:8704b3768d2f51150626962f4b9a9e4a17d2e37c8a8d9867bbd9fa4eb938d3b3", size = 652999, upload-time = "2025-06-05T16:41:37.89Z" },
    { url = "https://files.pythonhosted.org/packages/51/b4/ebb2c8cb41e521f1d72bf0465f2f9a2fd803f674a88db228887e6847077e/greenlet-3.2.3-cp313-cp313-manylinux2014_s390x.manylinux_2_17_s390x.whl", hash = "sha256:5035d77a27b7c62db6cf41cf786cfe2242644a7a337a0e155c80960598baab95", size = 647368, upload-time = "2025-06-05T16:48:21.467Z" },
    { url = "https://files.pythonhosted.org/packages/8e/6a/1e1b5aa10dced4ae876a322155705257748108b7fd2e4fae3f2a091fe81a/greenlet-3.2.3-cp313-cp313-manylinux2014_x86_64.manylinux_2_17_x86_64.whl", hash = "sha256:2d8aa5423cd4a396792f6d4580f88bdc6efcb9205891c9d40d20f6e670992efb", size = 650037, upload-time = "2025-06-05T16:13:06.402Z" },
    { url = "https://files.pythonhosted.org/packages/26/f2/ad51331a157c7015c675702e2d5230c243695c788f8f75feba1af32b3617/greenlet-3.2.3-cp313-cp313-manylinux_2_24_x86_64.manylinux_2_28_x86_64.whl", hash = "sha256:2c724620a101f8170065d7dded3f962a2aea7a7dae133a009cada42847e04a7b", size = 608402, upload-time = "2025-06-05T16:12:51.91Z" },
    { url = "https://files.pythonhosted.org/packages/26/bc/862bd2083e6b3aff23300900a956f4ea9a4059de337f5c8734346b9b34fc/greenlet-3.2.3-cp313-cp313-musllinux_1_1_aarch64.whl", hash = "sha256:873abe55f134c48e1f2a6f53f7d1419192a3d1a4e873bace00499a4e45ea6af0", size = 1119577, upload-time = "2025-06-05T16:36:49.787Z" },
    { url = "https://files.pythonhosted.org/packages/86/94/1fc0cc068cfde885170e01de40a619b00eaa8f2916bf3541744730ffb4c3/greenlet-3.2.3-cp313-cp313-musllinux_1_1_x86_64.whl", hash = "sha256:024571bbce5f2c1cfff08bf3fbaa43bbc7444f580ae13b0099e95d0e6e67ed36", size = 1147121, upload-time = "2025-06-05T16:12:42.527Z" },
    { url = "https://files.pythonhosted.org/packages/27/1a/199f9587e8cb08a0658f9c30f3799244307614148ffe8b1e3aa22f324dea/greenlet-3.2.3-cp313-cp313-win_amd64.whl", hash = "sha256:5195fb1e75e592dd04ce79881c8a22becdfa3e6f500e7feb059b1e6fdd54d3e3", size = 297603, upload-time = "2025-06-05T16:20:12.651Z" },
    { url = "https://files.pythonhosted.org/packages/d8/ca/accd7aa5280eb92b70ed9e8f7fd79dc50a2c21d8c73b9a0856f5b564e222/greenlet-3.2.3-cp314-cp314-macosx_11_0_universal2.whl", hash = "sha256:3d04332dddb10b4a211b68111dabaee2e1a073663d117dc10247b5b1642bac86", size = 271479, upload-time = "2025-06-05T16:10:47.525Z" },
    { url = "https://files.pythonhosted.org/packages/55/71/01ed9895d9eb49223280ecc98a557585edfa56b3d0e965b9fa9f7f06b6d9/greenlet-3.2.3-cp314-cp314-manylinux2014_aarch64.manylinux_2_17_aarch64.whl", hash = "sha256:8186162dffde068a465deab08fc72c767196895c39db26ab1c17c0b77a6d8b97", size = 683952, upload-time = "2025-06-05T16:38:55.125Z" },
    { url = "https://files.pythonhosted.org/packages/ea/61/638c4bdf460c3c678a0a1ef4c200f347dff80719597e53b5edb2fb27ab54/greenlet-3.2.3-cp314-cp314-manylinux2014_ppc64le.manylinux_2_17_ppc64le.whl", hash = "sha256:f4bfbaa6096b1b7a200024784217defedf46a07c2eee1a498e94a1b5f8ec5728", size = 696917, upload-time = "2025-06-05T16:41:38.959Z" },
    { url = "https://files.pythonhosted.org/packages/22/cc/0bd1a7eb759d1f3e3cc2d1bc0f0b487ad3cc9f34d74da4b80f226fde4ec3/greenlet-3.2.3-cp314-cp314-manylinux2014_s390x.manylinux_2_17_s390x.whl", hash = "sha256:ed6cfa9200484d234d8394c70f5492f144b20d4533f69262d530a1a082f6ee9a", size = 692443, upload-time = "2025-06-05T16:48:23.113Z" },
    { url = "https://files.pythonhosted.org/packages/67/10/b2a4b63d3f08362662e89c103f7fe28894a51ae0bc890fabf37d1d780e52/greenlet-3.2.3-cp314-cp314-manylinux2014_x86_64.manylinux_2_17_x86_64.whl", hash = "sha256:02b0df6f63cd15012bed5401b47829cfd2e97052dc89da3cfaf2c779124eb892", size = 692995, upload-time = "2025-06-05T16:13:07.972Z" },
    { url = "https://files.pythonhosted.org/packages/5a/c6/ad82f148a4e3ce9564056453a71529732baf5448ad53fc323e37efe34f66/greenlet-3.2.3-cp314-cp314-manylinux_2_24_x86_64.manylinux_2_28_x86_64.whl", hash = "sha256:86c2d68e87107c1792e2e8d5399acec2487a4e993ab76c792408e59394d52141", size = 655320, upload-time = "2025-06-05T16:12:53.453Z" },
    { url = "https://files.pythonhosted.org/packages/5c/4f/aab73ecaa6b3086a4c89863d94cf26fa84cbff63f52ce9bc4342b3087a06/greenlet-3.2.3-cp314-cp314-win_amd64.whl", hash = "sha256:8c47aae8fbbfcf82cc13327ae802ba13c9c36753b67e760023fd116bc124a62a", size = 301236, upload-time = "2025-06-05T16:15:20.111Z" },
]

[[package]]
name = "h11"
version = "0.16.0"
source = { registry = "https://pypi.org/simple" }
sdist = { url = "https://files.pythonhosted.org/packages/01/ee/02a2c011bdab74c6fb3c75474d40b3052059d95df7e73351460c8588d963/h11-0.16.0.tar.gz", hash = "sha256:4e35b956cf45792e4caa5885e69fba00bdbc6ffafbfa020300e549b208ee5ff1", size = 101250, upload-time = "2025-04-24T03:35:25.427Z" }
wheels = [
    { url = "https://files.pythonhosted.org/packages/04/4b/29cac41a4d98d144bf5f6d33995617b185d14b22401f75ca86f384e87ff1/h11-0.16.0-py3-none-any.whl", hash = "sha256:63cf8bbe7522de3bf65932fda1d9c2772064ffb3dae62d55932da54b31cb6c86", size = 37515, upload-time = "2025-04-24T03:35:24.344Z" },
]

[[package]]
name = "httpcore"
version = "1.0.9"
source = { registry = "https://pypi.org/simple" }
dependencies = [
    { name = "certifi" },
    { name = "h11" },
]
sdist = { url = "https://files.pythonhosted.org/packages/06/94/82699a10bca87a5556c9c59b5963f2d039dbd239f25bc2a63907a05a14cb/httpcore-1.0.9.tar.gz", hash = "sha256:6e34463af53fd2ab5d807f399a9b45ea31c3dfa2276f15a2c3f00afff6e176e8", size = 85484, upload-time = "2025-04-24T22:06:22.219Z" }
wheels = [
    { url = "https://files.pythonhosted.org/packages/7e/f5/f66802a942d491edb555dd61e3a9961140fd64c90bce1eafd741609d334d/httpcore-1.0.9-py3-none-any.whl", hash = "sha256:2d400746a40668fc9dec9810239072b40b4484b640a8c38fd654a024c7a1bf55", size = 78784, upload-time = "2025-04-24T22:06:20.566Z" },
]

[[package]]
name = "httpx"
version = "0.28.1"
source = { registry = "https://pypi.org/simple" }
dependencies = [
    { name = "anyio" },
    { name = "certifi" },
    { name = "httpcore" },
    { name = "idna" },
]
sdist = { url = "https://files.pythonhosted.org/packages/b1/df/48c586a5fe32a0f01324ee087459e112ebb7224f646c0b5023f5e79e9956/httpx-0.28.1.tar.gz", hash = "sha256:75e98c5f16b0f35b567856f597f06ff2270a374470a5c2392242528e3e3e42fc", size = 141406, upload-time = "2024-12-06T15:37:23.222Z" }
wheels = [
    { url = "https://files.pythonhosted.org/packages/2a/39/e50c7c3a983047577ee07d2a9e53faf5a69493943ec3f6a384bdc792deb2/httpx-0.28.1-py3-none-any.whl", hash = "sha256:d909fcccc110f8c7faf814ca82a9a4d816bc5a6dbfea25d6591d6985b8ba59ad", size = 73517, upload-time = "2024-12-06T15:37:21.509Z" },
]

[[package]]
name = "idna"
version = "3.10"
source = { registry = "https://pypi.org/simple" }
sdist = { url = "https://files.pythonhosted.org/packages/f1/70/7703c29685631f5a7590aa73f1f1d3fa9a380e654b86af429e0934a32f7d/idna-3.10.tar.gz", hash = "sha256:12f65c9b470abda6dc35cf8e63cc574b1c52b11df2c86030af0ac09b01b13ea9", size = 190490, upload-time = "2024-09-15T18:07:39.745Z" }
wheels = [
    { url = "https://files.pythonhosted.org/packages/76/c6/c88e154df9c4e1a2a66ccf0005a88dfb2650c1dffb6f5ce603dfbd452ce3/idna-3.10-py3-none-any.whl", hash = "sha256:946d195a0d259cbba61165e88e65941f16e9b36ea6ddb97f00452bae8b1287d3", size = 70442, upload-time = "2024-09-15T18:07:37.964Z" },
]

[[package]]
name = "iniconfig"
version = "2.1.0"
source = { registry = "https://pypi.org/simple" }
sdist = { url = "https://files.pythonhosted.org/packages/f2/97/ebf4da567aa6827c909642694d71c9fcf53e5b504f2d96afea02718862f3/iniconfig-2.1.0.tar.gz", hash = "sha256:3abbd2e30b36733fee78f9c7f7308f2d0050e88f0087fd25c2645f63c773e1c7", size = 4793, upload-time = "2025-03-19T20:09:59.721Z" }
wheels = [
    { url = "https://files.pythonhosted.org/packages/2c/e1/e6716421ea10d38022b952c159d5161ca1193197fb744506875fbb87ea7b/iniconfig-2.1.0-py3-none-any.whl", hash = "sha256:9deba5723312380e77435581c6bf4935c94cbfab9b1ed33ef8d238ea168eb760", size = 6050, upload-time = "2025-03-19T20:10:01.071Z" },
]

[[package]]
name = "outcome"
version = "1.3.0.post0"
source = { registry = "https://pypi.org/simple" }
dependencies = [
    { name = "attrs" },
]
sdist = { url = "https://files.pythonhosted.org/packages/98/df/77698abfac98571e65ffeb0c1fba8ffd692ab8458d617a0eed7d9a8d38f2/outcome-1.3.0.post0.tar.gz", hash = "sha256:9dcf02e65f2971b80047b377468e72a268e15c0af3cf1238e6ff14f7f91143b8", size = 21060, upload-time = "2023-10-26T04:26:04.361Z" }
wheels = [
    { url = "https://files.pythonhosted.org/packages/55/8b/5ab7257531a5d830fc8000c476e63c935488d74609b50f9384a643ec0a62/outcome-1.3.0.post0-py2.py3-none-any.whl", hash = "sha256:e771c5ce06d1415e356078d3bdd68523f284b4ce5419828922b6871e65eda82b", size = 10692, upload-time = "2023-10-26T04:26:02.532Z" },
]

[[package]]
name = "packaging"
version = "25.0"
source = { registry = "https://pypi.org/simple" }
sdist = { url = "https://files.pythonhosted.org/packages/a1/d4/1fc4078c65507b51b96ca8f8c3ba19e6a61c8253c72794544580a7b6c24d/packaging-25.0.tar.gz", hash = "sha256:d443872c98d677bf60f6a1f2f8c1cb748e8fe762d2bf9d3148b5599295b0fc4f", size = 165727, upload-time = "2025-04-19T11:48:59.673Z" }
wheels = [
    { url = "https://files.pythonhosted.org/packages/20/12/38679034af332785aac8774540895e234f4d07f7545804097de4b666afd8/packaging-25.0-py3-none-any.whl", hash = "sha256:29572ef2b1f17581046b3a2227d5c611fb25ec70ca1ba8554b24b0e69331a484", size = 66469, upload-time = "2025-04-19T11:48:57.875Z" },
]

[[package]]
name = "pluggy"
version = "1.6.0"
source = { registry = "https://pypi.org/simple" }
sdist = { url = "https://files.pythonhosted.org/packages/f9/e2/3e91f31a7d2b083fe6ef3fa267035b518369d9511ffab804f839851d2779/pluggy-1.6.0.tar.gz", hash = "sha256:7dcc130b76258d33b90f61b658791dede3486c3e6bfb003ee5c9bfb396dd22f3", size = 69412, upload-time = "2025-05-15T12:30:07.975Z" }
wheels = [
    { url = "https://files.pythonhosted.org/packages/54/20/4d324d65cc6d9205fabedc306948156824eb9f0ee1633355a8f7ec5c66bf/pluggy-1.6.0-py3-none-any.whl", hash = "sha256:e920276dd6813095e9377c0bc5566d94c932c33b27a3e3945d8389c374dd4746", size = 20538, upload-time = "2025-05-15T12:30:06.134Z" },
]

[[package]]
name = "pycparser"
version = "2.22"
source = { registry = "https://pypi.org/simple" }
sdist = { url = "https://files.pythonhosted.org/packages/1d/b2/31537cf4b1ca988837256c910a668b553fceb8f069bedc4b1c826024b52c/pycparser-2.22.tar.gz", hash = "sha256:491c8be9c040f5390f5bf44a5b07752bd07f56edf992381b05c701439eec10f6", size = 172736, upload-time = "2024-03-30T13:22:22.564Z" }
wheels = [
    { url = "https://files.pythonhosted.org/packages/13/a3/a812df4e2dd5696d1f351d58b8fe16a405b234ad2886a0dab9183fb78109/pycparser-2.22-py3-none-any.whl", hash = "sha256:c3702b6d3dd8c7abc1afa565d7e63d53a1d0bd86cdc24edd75470f4de499cfcc", size = 117552, upload-time = "2024-03-30T13:22:20.476Z" },
]

[[package]]
name = "pygments"
version = "2.19.2"
source = { registry = "https://pypi.org/simple" }
sdist = { url = "https://files.pythonhosted.org/packages/b0/77/a5b8c569bf593b0140bde72ea885a803b82086995367bf2037de0159d924/pygments-2.19.2.tar.gz", hash = "sha256:636cb2477cec7f8952536970bc533bc43743542f70392ae026374600add5b887", size = 4968631, upload-time = "2025-06-21T13:39:12.283Z" }
wheels = [
    { url = "https://files.pythonhosted.org/packages/c7/21/705964c7812476f378728bdf590ca4b771ec72385c533964653c68e86bdc/pygments-2.19.2-py3-none-any.whl", hash = "sha256:86540386c03d588bb81d44bc3928634ff26449851e99741617ecb9037ee5ec0b", size = 1225217, upload-time = "2025-06-21T13:39:07.939Z" },
]

[[package]]
name = "pytest"
version = "8.4.1"
source = { registry = "https://pypi.org/simple" }
dependencies = [
    { name = "colorama", marker = "sys_platform == 'win32'" },
    { name = "iniconfig" },
    { name = "packaging" },
    { name = "pluggy" },
    { name = "pygments" },
]
sdist = { url = "https://files.pythonhosted.org/packages/08/ba/45911d754e8eba3d5a841a5ce61a65a685ff1798421ac054f85aa8747dfb/pytest-8.4.1.tar.gz", hash = "sha256:7c67fd69174877359ed9371ec3af8a3d2b04741818c51e5e99cc1742251fa93c", size = 1517714, upload-time = "2025-06-18T05:48:06.109Z" }
wheels = [
    { url = "https://files.pythonhosted.org/packages/29/16/c8a903f4c4dffe7a12843191437d7cd8e32751d5de349d45d3fe69544e87/pytest-8.4.1-py3-none-any.whl", hash = "sha256:539c70ba6fcead8e78eebbf1115e8b589e7565830d7d006a8723f19ac8a0afb7", size = 365474, upload-time = "2025-06-18T05:48:03.955Z" },
]

[[package]]
name = "pytest-asyncio"
version = "1.1.0"
source = { registry = "https://pypi.org/simple" }
dependencies = [
    { name = "pytest" },
]
sdist = { url = "https://files.pythonhosted.org/packages/4e/51/f8794af39eeb870e87a8c8068642fc07bce0c854d6865d7dd0f2a9d338c2/pytest_asyncio-1.1.0.tar.gz", hash = "sha256:796aa822981e01b68c12e4827b8697108f7205020f24b5793b3c41555dab68ea", size = 46652, upload-time = "2025-07-16T04:29:26.393Z" }
wheels = [
    { url = "https://files.pythonhosted.org/packages/c7/9d/bf86eddabf8c6c9cb1ea9a869d6873b46f105a5d292d3a6f7071f5b07935/pytest_asyncio-1.1.0-py3-none-any.whl", hash = "sha256:5fe2d69607b0bd75c656d1211f969cadba035030156745ee09e7d71740e58ecf", size = 15157, upload-time = "2025-07-16T04:29:24.929Z" },
]

[[package]]
name = "pytest-tornasync"
version = "0.6.0.post2"
source = { registry = "https://pypi.org/simple" }
dependencies = [
    { name = "pytest" },
    { name = "tornado" },
]
sdist = { url = "https://files.pythonhosted.org/packages/54/a0/e096d3609793ea1c3bbf255f923da453b83728cfc9f10bcbab98d6932d74/pytest-tornasync-0.6.0.post2.tar.gz", hash = "sha256:d781b6d951a2e7c08843141d3ff583610b4ea86bfa847714c76edefb576bbe5d", size = 6201, upload-time = "2019-07-15T08:41:13.921Z" }
wheels = [
    { url = "https://files.pythonhosted.org/packages/50/b9/3615ebfc3120bb949c3725b50793f42c3230d0175d6cfd358ea8bb6928ff/pytest_tornasync-0.6.0.post2-py3-none-any.whl", hash = "sha256:4b165b6ba76b5b228933598f456b71ba233f127991a52889788db0a950ad04ba", size = 6634, upload-time = "2019-07-15T08:41:12.234Z" },
]

[[package]]
name = "pytest-trio"
version = "0.8.0"
source = { registry = "https://pypi.org/simple" }
dependencies = [
    { name = "outcome" },
    { name = "pytest" },
    { name = "trio" },
]
sdist = { url = "https://files.pythonhosted.org/packages/13/08/056279526554c6c6e6ad6d4a479a338d14dc785ac30be8bdc6ca0153c1be/pytest-trio-0.8.0.tar.gz", hash = "sha256:8363db6336a79e6c53375a2123a41ddbeccc4aa93f93788651641789a56fb52e", size = 46525, upload-time = "2022-11-01T17:24:29.352Z" }
wheels = [
    { url = "https://files.pythonhosted.org/packages/e9/22/71953f47e0da5852c899f58cd7a31e6100f37c632b7b9ee52d067613a844/pytest_trio-0.8.0-py3-none-any.whl", hash = "sha256:e6a7e7351ae3e8ec3f4564d30ee77d1ec66e1df611226e5618dbb32f9545c841", size = 27221, upload-time = "2022-11-01T17:24:27.501Z" },
]

[[package]]
name = "pytest-twisted"
version = "1.14.3"
source = { registry = "https://pypi.org/simple" }
dependencies = [
    { name = "decorator" },
    { name = "greenlet" },
    { name = "pytest" },
]
sdist = { url = "https://files.pythonhosted.org/packages/04/61/04ef298488a7083f61f5dc98e49debe2bbc17119757965abfc080b41929f/pytest_twisted-1.14.3.tar.gz", hash = "sha256:37e150cbbc0edba6592d36c53f44fc1196f3a9e93e7bef6a25bb10d9963f7f3e", size = 17765, upload-time = "2024-09-10T14:04:01.461Z" }
wheels = [
    { url = "https://files.pythonhosted.org/packages/18/05/e68a2c3cffea779dcfa5b9d5f8a68f687a551ca7f30d2e261ebcd4e4e1ec/pytest_twisted-1.14.3-py2.py3-none-any.whl", hash = "sha256:f2e3f3f6f12f78df17c028fe16d87af09c76b95a7a85bc378b2d3e73a086e81a", size = 11004, upload-time = "2024-09-10T14:03:59.218Z" },
]

[[package]]
name = "setuptools"
version = "80.9.0"
source = { registry = "https://pypi.org/simple" }
sdist = { url = "https://files.pythonhosted.org/packages/18/5d/3bf57dcd21979b887f014ea83c24ae194cfcd12b9e0fda66b957c69d1fca/setuptools-80.9.0.tar.gz", hash = "sha256:f36b47402ecde768dbfafc46e8e4207b4360c654f1f3bb84475f0a28628fb19c", size = 1319958, upload-time = "2025-05-27T00:56:51.443Z" }
wheels = [
    { url = "https://files.pythonhosted.org/packages/a3/dc/17031897dae0efacfea57dfd3a82fdd2a2aeb58e0ff71b77b87e44edc772/setuptools-80.9.0-py3-none-any.whl", hash = "sha256:062d34222ad13e0cc312a4c02d73f059e86a4acbfbdea8f8f76b28c99f306922", size = 1201486, upload-time = "2025-05-27T00:56:49.664Z" },
]

[[package]]
name = "sniffio"
version = "1.3.1"
source = { registry = "https://pypi.org/simple" }
sdist = { url = "https://files.pythonhosted.org/packages/a2/87/a6771e1546d97e7e041b6ae58d80074f81b7d5121207425c964ddf5cfdbd/sniffio-1.3.1.tar.gz", hash = "sha256:f4324edc670a0f49750a81b895f35c3adb843cca46f0530f79fc1babb23789dc", size = 20372, upload-time = "2024-02-25T23:20:04.057Z" }
wheels = [
    { url = "https://files.pythonhosted.org/packages/e9/44/75a9c9421471a6c4805dbf2356f7c181a29c1879239abab1ea2cc8f38b40/sniffio-1.3.1-py3-none-any.whl", hash = "sha256:2f6da418d1f1e0fddd844478f41680e794e6051915791a034ff65e5f100525a2", size = 10235, upload-time = "2024-02-25T23:20:01.196Z" },
]

[[package]]
name = "sortedcontainers"
version = "2.4.0"
source = { registry = "https://pypi.org/simple" }
sdist = { url = "https://files.pythonhosted.org/packages/e8/c4/ba2f8066cceb6f23394729afe52f3bf7adec04bf9ed2c820b39e19299111/sortedcontainers-2.4.0.tar.gz", hash = "sha256:25caa5a06cc30b6b83d11423433f65d1f9d76c4c6a0c90e3379eaa43b9bfdb88", size = 30594, upload-time = "2021-05-16T22:03:42.897Z" }
wheels = [
    { url = "https://files.pythonhosted.org/packages/32/46/9cb0e58b2deb7f82b84065f37f3bffeb12413f947f9388e4cac22c4621ce/sortedcontainers-2.4.0-py2.py3-none-any.whl", hash = "sha256:a163dcaede0f1c021485e957a39245190e74249897e2ae4b2aa38595db237ee0", size = 29575, upload-time = "2021-05-16T22:03:41.177Z" },
]

[[package]]
name = "tornado"
version = "6.5.1"
source = { registry = "https://pypi.org/simple" }
sdist = { url = "https://files.pythonhosted.org/packages/51/89/c72771c81d25d53fe33e3dca61c233b665b2780f21820ba6fd2c6793c12b/tornado-6.5.1.tar.gz", hash = "sha256:84ceece391e8eb9b2b95578db65e920d2a61070260594819589609ba9bc6308c", size = 509934, upload-time = "2025-05-22T18:15:38.788Z" }
wheels = [
    { url = "https://files.pythonhosted.org/packages/77/89/f4532dee6843c9e0ebc4e28d4be04c67f54f60813e4bf73d595fe7567452/tornado-6.5.1-cp39-abi3-macosx_10_9_universal2.whl", hash = "sha256:d50065ba7fd11d3bd41bcad0825227cc9a95154bad83239357094c36708001f7", size = 441948, upload-time = "2025-05-22T18:15:20.862Z" },
    { url = "https://files.pythonhosted.org/packages/15/9a/557406b62cffa395d18772e0cdcf03bed2fff03b374677348eef9f6a3792/tornado-6.5.1-cp39-abi3-macosx_10_9_x86_64.whl", hash = "sha256:9e9ca370f717997cb85606d074b0e5b247282cf5e2e1611568b8821afe0342d6", size = 440112, upload-time = "2025-05-22T18:15:22.591Z" },
    { url = "https://files.pythonhosted.org/packages/55/82/7721b7319013a3cf881f4dffa4f60ceff07b31b394e459984e7a36dc99ec/tornado-6.5.1-cp39-abi3-manylinux_2_17_aarch64.manylinux2014_aarch64.whl", hash = "sha256:b77e9dfa7ed69754a54c89d82ef746398be82f749df69c4d3abe75c4d1ff4888", size = 443672, upload-time = "2025-05-22T18:15:24.027Z" },
    { url = "https://files.pythonhosted.org/packages/7d/42/d11c4376e7d101171b94e03cef0cbce43e823ed6567ceda571f54cf6e3ce/tornado-6.5.1-cp39-abi3-manylinux_2_5_i686.manylinux1_i686.manylinux_2_17_i686.manylinux2014_i686.whl", hash = "sha256:253b76040ee3bab8bcf7ba9feb136436a3787208717a1fb9f2c16b744fba7331", size = 443019, upload-time = "2025-05-22T18:15:25.735Z" },
    { url = "https://files.pythonhosted.org/packages/7d/f7/0c48ba992d875521ac761e6e04b0a1750f8150ae42ea26df1852d6a98942/tornado-6.5.1-cp39-abi3-manylinux_2_5_x86_64.manylinux1_x86_64.manylinux_2_17_x86_64.manylinux2014_x86_64.whl", hash = "sha256:308473f4cc5a76227157cdf904de33ac268af770b2c5f05ca6c1161d82fdd95e", size = 443252, upload-time = "2025-05-22T18:15:27.499Z" },
    { url = "https://files.pythonhosted.org/packages/89/46/d8d7413d11987e316df4ad42e16023cd62666a3c0dfa1518ffa30b8df06c/tornado-6.5.1-cp39-abi3-musllinux_1_2_aarch64.whl", hash = "sha256:caec6314ce8a81cf69bd89909f4b633b9f523834dc1a352021775d45e51d9401", size = 443930, upload-time = "2025-05-22T18:15:29.299Z" },
    { url = "https://files.pythonhosted.org/packages/78/b2/f8049221c96a06df89bed68260e8ca94beca5ea532ffc63b1175ad31f9cc/tornado-6.5.1-cp39-abi3-musllinux_1_2_i686.whl", hash = "sha256:13ce6e3396c24e2808774741331638ee6c2f50b114b97a55c5b442df65fd9692", size = 443351, upload-time = "2025-05-22T18:15:31.038Z" },
    { url = "https://files.pythonhosted.org/packages/76/ff/6a0079e65b326cc222a54720a748e04a4db246870c4da54ece4577bfa702/tornado-6.5.1-cp39-abi3-musllinux_1_2_x86_64.whl", hash = "sha256:5cae6145f4cdf5ab24744526cc0f55a17d76f02c98f4cff9daa08ae9a217448a", size = 443328, upload-time = "2025-05-22T18:15:32.426Z" },
    { url = "https://files.pythonhosted.org/packages/49/18/e3f902a1d21f14035b5bc6246a8c0f51e0eef562ace3a2cea403c1fb7021/tornado-6.5.1-cp39-abi3-win32.whl", hash = "sha256:e0a36e1bc684dca10b1aa75a31df8bdfed656831489bc1e6a6ebed05dc1ec365", size = 444396, upload-time = "2025-05-22T18:15:34.205Z" },
    { url = "https://files.pythonhosted.org/packages/7b/09/6526e32bf1049ee7de3bebba81572673b19a2a8541f795d887e92af1a8bc/tornado-6.5.1-cp39-abi3-win_amd64.whl", hash = "sha256:908e7d64567cecd4c2b458075589a775063453aeb1d2a1853eedb806922f568b", size = 444840, upload-time = "2025-05-22T18:15:36.1Z" },
    { url = "https://files.pythonhosted.org/packages/55/a7/535c44c7bea4578e48281d83c615219f3ab19e6abc67625ef637c73987be/tornado-6.5.1-cp39-abi3-win_arm64.whl", hash = "sha256:02420a0eb7bf617257b9935e2b754d1b63897525d8a289c9d65690d580b4dcf7", size = 443596, upload-time = "2025-05-22T18:15:37.433Z" },
]

[[package]]
name = "trio"
version = "0.30.0"
source = { registry = "https://pypi.org/simple" }
dependencies = [
    { name = "attrs" },
    { name = "cffi", marker = "implementation_name != 'pypy' and os_name == 'nt'" },
    { name = "idna" },
    { name = "outcome" },
    { name = "sniffio" },
    { name = "sortedcontainers" },
]
sdist = { url = "https://files.pythonhosted.org/packages/01/c1/68d582b4d3a1c1f8118e18042464bb12a7c1b75d64d75111b297687041e3/trio-0.30.0.tar.gz", hash = "sha256:0781c857c0c81f8f51e0089929a26b5bb63d57f927728a5586f7e36171f064df", size = 593776, upload-time = "2025-04-21T00:48:19.507Z" }
wheels = [
    { url = "https://files.pythonhosted.org/packages/69/8e/3f6dfda475ecd940e786defe6df6c500734e686c9cd0a0f8ef6821e9b2f2/trio-0.30.0-py3-none-any.whl", hash = "sha256:3bf4f06b8decf8d3cf00af85f40a89824669e2d033bb32469d34840edcfc22a5", size = 499194, upload-time = "2025-04-21T00:48:17.167Z" },
]

[[package]]
name = "typing-extensions"
version = "4.14.1"
source = { registry = "https://pypi.org/simple" }
sdist = { url = "https://files.pythonhosted.org/packages/98/5a/da40306b885cc8c09109dc2e1abd358d5684b1425678151cdaed4731c822/typing_extensions-4.14.1.tar.gz", hash = "sha256:38b39f4aeeab64884ce9f74c94263ef78f3c22467c8724005483154c26648d36", size = 107673, upload-time = "2025-07-04T13:28:34.16Z" }
wheels = [
    { url = "https://files.pythonhosted.org/packages/b5/00/d631e67a838026495268c2f6884f3711a15a9a2a96cd244fdaea53b823fb/typing_extensions-4.14.1-py3-none-any.whl", hash = "sha256:d1e1e3b58374dc93031d6eda2420a48ea44a36c2b4766a4fdeb3710755731d76", size = 43906, upload-time = "2025-07-04T13:28:32.743Z" },
]
